
Microsoft Visual Studio Solution File, Format Version 12.00
# Visual Studio Version 16
VisualStudioVersion = 16.0.30523.141
MinimumVisualStudioVersion = 10.0.40219.1
Project("{8BC9CEB8-8B4A-11D0-8D11-00A0C91BC942}") = "hashtab", "hashtab.vcxproj", "{183288FC-D05E-4C31-BD55-BC7433C18C34}"
EndProject
Global
	GlobalSection(SolutionConfigurationPlatforms) = preSolution
		Debug|x64 = Debug|x64
		Debug|x86 = Debug|x86
		Release|x64 = Release|x64
		Release|x86 = Release|x86
	EndGlobalSection
	GlobalSection(ProjectConfigurationPlatforms) = postSolution
		{183288FC-D05E-4C31-BD55-BC7433C18C34}.Debug|x64.ActiveCfg = Debug|x64
		{183288FC-D05E-4C31-BD55-BC7433C18C34}.Debug|x64.Build.0 = Debug|x64
		{183288FC-D05E-4C31-BD55-BC7433C18C34}.Debug|x86.ActiveCfg = Debug|Win32
		{183288FC-D05E-4C31-BD55-BC7433C18C34}.Debug|x86.Build.0 = Debug|Win32
		{183288FC-D05E-4C31-BD55-BC7433C18C34}.Release|x64.ActiveCfg = Release|x64
		{183288FC-D05E-4C31-BD55-BC7433C18C34}.Release|x64.Build.0 = Release|x64
		{183288FC-D05E-4C31-BD55-BC7433C18C34}.Release|x86.ActiveCfg = Release|Win32
		{183288FC-D05E-4C31-BD55-BC7433C18C34}.Release|x86.Build.0 = Release|Win32
	EndGlobalSection
	GlobalSection(SolutionProperties) = preSolution
		HideSolutionNode = FALSE
	EndGlobalSection
	GlobalSection(ExtensibilityGlobals) = postSolution
		SolutionGuid = {0F90C6CD-8485-44A0-9862-3752935E8F62}
	EndGlobalSection
EndGlobal
